<?xml version="1.0" encoding="utf-8"?>
<Project ToolsVersion="4.0" xmlns="http://schemas.microsoft.com/developer/msbuild/2003">
  <ItemGroup>
    <Filter Include="CCBReader">
      <UniqueIdentifier>{d37545ef-285b-4315-9fca-40da6fc2a6c9}</UniqueIdentifier>
    </Filter>
    <Filter Include="GUI">
      <UniqueIdentifier>{202b519b-b5e0-499f-b3b8-ed5da144b248}</UniqueIdentifier>
    </Filter>
    <Filter Include="GUI\CCControlExtension">
      <UniqueIdentifier>{c07abd14-e9dd-4e2d-85c4-a180070161b4}</UniqueIdentifier>
    </Filter>
    <Filter Include="GUI\CCScrollView">
      <UniqueIdentifier>{46797895-f71d-4ddb-b381-d0884e678d39}</UniqueIdentifier>
    </Filter>
  </ItemGroup>
  <ItemGroup>
    <ClCompile Include="..\lib\cocos2dx\extensions\GUI\CCScrollView\CCScrollView.cpp">
      <Filter>GUI\CCScrollView</Filter>
    </ClCompile>
    <ClCompile Include="..\lib\cocos2dx\extensions\GUI\CCScrollView\CCSorting.cpp">
      <Filter>GUI\CCScrollView</Filter>
    </ClCompile>
    <ClCompile Include="..\lib\cocos2dx\extensions\GUI\CCScrollView\CCTableView.cpp">
      <Filter>GUI\CCScrollView</Filter>
    </ClCompile>
    <ClCompile Include="..\lib\cocos2dx\extensions\GUI\CCScrollView\CCTableViewCell.cpp">
      <Filter>GUI\CCScrollView</Filter>
    </ClCompile>
    <ClCompile Include="..\lib\cocos2dx\extensions\CCBReader\CCBAnimationManager.cpp">
      <Filter>CCBReader</Filter>
    </ClCompile>
    <ClCompile Include="..\lib\cocos2dx\extensions\CCBReader\CCBFileLoader.cpp">
      <Filter>CCBReader</Filter>
    </ClCompile>
    <ClCompile Include="..\lib\cocos2dx\extensions\CCBReader\CCBKeyframe.cpp">
      <Filter>CCBReader</Filter>
    </ClCompile>
    <ClCompile Include="..\lib\cocos2dx\extensions\CCBReader\CCBReader.cpp">
      <Filter>CCBReader</Filter>
    </ClCompile>
    <ClCompile Include="..\lib\cocos2dx\extensions\CCBReader\CCBSequence.cpp">
      <Filter>CCBReader</Filter>
    </ClCompile>
    <ClCompile Include="..\lib\cocos2dx\extensions\CCBReader\CCBSequenceProperty.cpp">
      <Filter>CCBReader</Filter>
    </ClCompile>
    <ClCompile Include="..\lib\cocos2dx\extensions\CCBReader\CCBValue.cpp">
      <Filter>CCBReader</Filter>
    </ClCompile>
    <ClCompile Include="..\lib\cocos2dx\extensions\CCBReader\CCControlButtonLoader.cpp">
      <Filter>CCBReader</Filter>
    </ClCompile>
    <ClCompile Include="..\lib\cocos2dx\extensions\CCBReader\CCControlLoader.cpp">
      <Filter>CCBReader</Filter>
    </ClCompile>
    <ClCompile Include="..\lib\cocos2dx\extensions\CCBReader\CCData.cpp">
      <Filter>CCBReader</Filter>
    </ClCompile>
    <ClCompile Include="..\lib\cocos2dx\extensions\CCBReader\CCLabelBMFontLoader.cpp">
      <Filter>CCBReader</Filter>
    </ClCompile>
    <ClCompile Include="..\lib\cocos2dx\extensions\CCBReader\CCLabelTTFLoader.cpp">
      <Filter>CCBReader</Filter>
    </ClCompile>
    <ClCompile Include="..\lib\cocos2dx\extensions\CCBReader\CCLayerColorLoader.cpp">
      <Filter>CCBReader</Filter>
    </ClCompile>
    <ClCompile Include="..\lib\cocos2dx\extensions\CCBReader\CCLayerGradientLoader.cpp">
      <Filter>CCBReader</Filter>
    </ClCompile>
    <ClCompile Include="..\lib\cocos2dx\extensions\CCBReader\CCLayerLoader.cpp">
      <Filter>CCBReader</Filter>
    </ClCompile>
    <ClCompile Include="..\lib\cocos2dx\extensions\CCBReader\CCMenuItemImageLoader.cpp">
      <Filter>CCBReader</Filter>
    </ClCompile>
    <ClCompile Include="..\lib\cocos2dx\extensions\CCBReader\CCMenuItemLoader.cpp">
      <Filter>CCBReader</Filter>
    </ClCompile>
    <ClCompile Include="..\lib\cocos2dx\extensions\CCBReader\CCNode+CCBRelativePositioning.cpp">
      <Filter>CCBReader</Filter>
    </ClCompile>
    <ClCompile Include="..\lib\cocos2dx\extensions\CCBReader\CCNodeLoader.cpp">
      <Filter>CCBReader</Filter>
    </ClCompile>
    <ClCompile Include="..\lib\cocos2dx\extensions\CCBReader\CCNodeLoaderLibrary.cpp">
      <Filter>CCBReader</Filter>
    </ClCompile>
    <ClCompile Include="..\lib\cocos2dx\extensions\CCBReader\CCParticleSystemQuadLoader.cpp">
      <Filter>CCBReader</Filter>
    </ClCompile>
    <ClCompile Include="..\lib\cocos2dx\extensions\CCBReader\CCScale9SpriteLoader.cpp">
      <Filter>CCBReader</Filter>
    </ClCompile>
    <ClCompile Include="..\lib\cocos2dx\extensions\CCBReader\CCScrollViewLoader.cpp">
      <Filter>CCBReader</Filter>
    </ClCompile>
    <ClCompile Include="..\lib\cocos2dx\extensions\CCBReader\CCSpriteLoader.cpp">
      <Filter>CCBReader</Filter>
    </ClCompile>
    <ClCompile Include="..\lib\cocos2dx\extensions\GUI\CCControlExtension\CCControlColourPicker.cpp">
      <Filter>GUI\CCControlExtension</Filter>
    </ClCompile>
    <ClCompile Include="..\lib\cocos2dx\extensions\GUI\CCControlExtension\CCControlHuePicker.cpp">
      <Filter>GUI\CCControlExtension</Filter>
    </ClCompile>
    <ClCompile Include="..\lib\cocos2dx\extensions\GUI\CCControlExtension\CCControlPotentiometer.cpp">
      <Filter>GUI\CCControlExtension</Filter>
    </ClCompile>
    <ClCompile Include="..\lib\cocos2dx\extensions\GUI\CCControlExtension\CCControlSaturationBrightnessPicker.cpp">
      <Filter>GUI\CCControlExtension</Filter>
    </ClCompile>
    <ClCompile Include="..\lib\cocos2dx\extensions\GUI\CCControlExtension\CCControlSlider.cpp">
      <Filter>GUI\CCControlExtension</Filter>
    </ClCompile>
    <ClCompile Include="..\lib\cocos2dx\extensions\GUI\CCControlExtension\CCControlStepper.cpp">
      <Filter>GUI\CCControlExtension</Filter>
    </ClCompile>
    <ClCompile Include="..\lib\cocos2dx\extensions\GUI\CCControlExtension\CCControlSwitch.cpp">
      <Filter>GUI\CCControlExtension</Filter>
    </ClCompile>
    <ClCompile Include="..\lib\cocos2dx\extensions\GUI\CCControlExtension\CCControlUtils.cpp">
      <Filter>GUI\CCControlExtension</Filter>
    </ClCompile>
    <ClCompile Include="..\lib\cocos2dx\extensions\GUI\CCControlExtension\CCInvocation.cpp">
      <Filter>GUI\CCControlExtension</Filter>
    </ClCompile>
    <ClCompile Include="..\lib\cocos2dx\extensions\GUI\CCControlExtension\CCScale9Sprite.cpp">
      <Filter>GUI\CCControlExtension</Filter>
    </ClCompile>
    <ClCompile Include="..\lib\cocos2dx\extensions\GUI\CCControlExtension\CCControl.cpp">
      <Filter>GUI\CCControlExtension</Filter>
    </ClCompile>
    <ClCompile Include="..\lib\cocos2dx\extensions\GUI\CCControlExtension\CCControlButton.cpp">
      <Filter>GUI\CCControlExtension</Filter>
    </ClCompile>
  </ItemGroup>
  <ItemGroup>
    <ClInclude Include="..\lib\cocos2dx\extensions\GUI\CCScrollView\CCScrollView.h">
      <Filter>GUI\CCScrollView</Filter>
    </ClInclude>
    <ClInclude Include="..\lib\cocos2dx\extensions\cocos-ext.h" />
    <ClInclude Include="..\lib\cocos2dx\extensions\ExtensionMacros.h" />
    <ClInclude Include="..\lib\cocos2dx\extensions\GUI\CCScrollView\CCSorting.h">
      <Filter>GUI\CCScrollView</Filter>
    </ClInclude>
    <ClInclude Include="..\lib\cocos2dx\extensions\GUI\CCScrollView\CCTableView.h">
      <Filter>GUI\CCScrollView</Filter>
    </ClInclude>
    <ClInclude Include="..\lib\cocos2dx\extensions\GUI\CCScrollView\CCTableViewCell.h">
      <Filter>GUI\CCScrollView</Filter>
    </ClInclude>
    <ClInclude Include="..\lib\cocos2dx\extensions\CCBReader\CCBAnimationManager.h">
      <Filter>CCBReader</Filter>
    </ClInclude>
    <ClInclude Include="..\lib\cocos2dx\extensions\CCBReader\CCBFileLoader.h">
      <Filter>CCBReader</Filter>
    </ClInclude>
    <ClInclude Include="..\lib\cocos2dx\extensions\CCBReader\CCBKeyframe.h">
      <Filter>CCBReader</Filter>
    </ClInclude>
    <ClInclude Include="..\lib\cocos2dx\extensions\CCBReader\CCBMemberVariableAssigner.h">
      <Filter>CCBReader</Filter>
    </ClInclude>
    <ClInclude Include="..\lib\cocos2dx\extensions\CCBReader\CCBReader.h">
      <Filter>CCBReader</Filter>
    </ClInclude>
    <ClInclude Include="..\lib\cocos2dx\extensions\CCBReader\CCBSelectorResolver.h">
      <Filter>CCBReader</Filter>
    </ClInclude>
    <ClInclude Include="..\lib\cocos2dx\extensions\CCBReader\CCBSequence.h">
      <Filter>CCBReader</Filter>
    </ClInclude>
    <ClInclude Include="..\lib\cocos2dx\extensions\CCBReader\CCBSequenceProperty.h">
      <Filter>CCBReader</Filter>
    </ClInclude>
    <ClInclude Include="..\lib\cocos2dx\extensions\CCBReader\CCBValue.h">
      <Filter>CCBReader</Filter>
    </ClInclude>
    <ClInclude Include="..\lib\cocos2dx\extensions\CCBReader\CCControlButtonLoader.h">
      <Filter>CCBReader</Filter>
    </ClInclude>
    <ClInclude Include="..\lib\cocos2dx\extensions\CCBReader\CCControlLoader.h">
      <Filter>CCBReader</Filter>
    </ClInclude>
    <ClInclude Include="..\lib\cocos2dx\extensions\CCBReader\CCData.h">
      <Filter>CCBReader</Filter>
    </ClInclude>
    <ClInclude Include="..\lib\cocos2dx\extensions\CCBReader\CCLabelBMFontLoader.h">
      <Filter>CCBReader</Filter>
    </ClInclude>
    <ClInclude Include="..\lib\cocos2dx\extensions\CCBReader\CCLabelTTFLoader.h">
      <Filter>CCBReader</Filter>
    </ClInclude>
    <ClInclude Include="..\lib\cocos2dx\extensions\CCBReader\CCLayerColorLoader.h">
      <Filter>CCBReader</Filter>
    </ClInclude>
    <ClInclude Include="..\lib\cocos2dx\extensions\CCBReader\CCLayerGradientLoader.h">
      <Filter>CCBReader</Filter>
    </ClInclude>
    <ClInclude Include="..\lib\cocos2dx\extensions\CCBReader\CCLayerLoader.h">
      <Filter>CCBReader</Filter>
    </ClInclude>
    <ClInclude Include="..\lib\cocos2dx\extensions\CCBReader\CCMenuItemImageLoader.h">
      <Filter>CCBReader</Filter>
    </ClInclude>
    <ClInclude Include="..\lib\cocos2dx\extensions\CCBReader\CCMenuItemLoader.h">
      <Filter>CCBReader</Filter>
    </ClInclude>
    <ClInclude Include="..\lib\cocos2dx\extensions\CCBReader\CCMenuLoader.h">
      <Filter>CCBReader</Filter>
    </ClInclude>
    <ClInclude Include="..\lib\cocos2dx\extensions\CCBReader\CCNode+CCBRelativePositioning.h">
      <Filter>CCBReader</Filter>
    </ClInclude>
    <ClInclude Include="..\lib\cocos2dx\extensions\CCBReader\CCNodeLoader.h">
      <Filter>CCBReader</Filter>
    </ClInclude>
    <ClInclude Include="..\lib\cocos2dx\extensions\CCBReader\CCNodeLoaderLibrary.h">
      <Filter>CCBReader</Filter>
    </ClInclude>
    <ClInclude Include="..\lib\cocos2dx\extensions\CCBReader\CCNodeLoaderListener.h">
      <Filter>CCBReader</Filter>
    </ClInclude>
    <ClInclude Include="..\lib\cocos2dx\extensions\CCBReader\CCParticleSystemQuadLoader.h">
      <Filter>CCBReader</Filter>
    </ClInclude>
    <ClInclude Include="..\lib\cocos2dx\extensions\CCBReader\CCScale9SpriteLoader.h">
      <Filter>CCBReader</Filter>
    </ClInclude>
    <ClInclude Include="..\lib\cocos2dx\extensions\CCBReader\CCScrollViewLoader.h">
      <Filter>CCBReader</Filter>
    </ClInclude>
    <ClInclude Include="..\lib\cocos2dx\extensions\CCBReader\CCSpriteLoader.h">
      <Filter>CCBReader</Filter>
    </ClInclude>
    <ClInclude Include="..\lib\cocos2dx\extensions\GUI\CCControlExtension\CCControlButton.h">
      <Filter>GUI\CCControlExtension</Filter>
    </ClInclude>
    <ClInclude Include="..\lib\cocos2dx\extensions\GUI\CCControlExtension\CCControlColourPicker.h">
      <Filter>GUI\CCControlExtension</Filter>
    </ClInclude>
    <ClInclude Include="..\lib\cocos2dx\extensions\GUI\CCControlExtension\CCControlExtensions.h">
      <Filter>GUI\CCControlExtension</Filter>
    </ClInclude>
    <ClInclude Include="..\lib\cocos2dx\extensions\GUI\CCControlExtension\CCControlHuePicker.h">
      <Filter>GUI\CCControlExtension</Filter>
    </ClInclude>
    <ClInclude Include="..\lib\cocos2dx\extensions\GUI\CCControlExtension\CCControlPotentiometer.h">
      <Filter>GUI\CCControlExtension</Filter>
    </ClInclude>
    <ClInclude Include="..\lib\cocos2dx\extensions\GUI\CCControlExtension\CCControlSaturationBrightnessPicker.h">
      <Filter>GUI\CCControlExtension</Filter>
    </ClInclude>
    <ClInclude Include="..\lib\cocos2dx\extensions\GUI\CCControlExtension\CCControlSlider.h">
      <Filter>GUI\CCControlExtension</Filter>
    </ClInclude>
    <ClInclude Include="..\lib\cocos2dx\extensions\GUI\CCControlExtension\CCControlStepper.h">
      <Filter>GUI\CCControlExtension</Filter>
    </ClInclude>
    <ClInclude Include="..\lib\cocos2dx\extensions\GUI\CCControlExtension\CCControlSwitch.h">
      <Filter>GUI\CCControlExtension</Filter>
    </ClInclude>
    <ClInclude Include="..\lib\cocos2dx\extensions\GUI\CCControlExtension\CCControlUtils.h">
      <Filter>GUI\CCControlExtension</Filter>
    </ClInclude>
    <ClInclude Include="..\lib\cocos2dx\extensions\GUI\CCControlExtension\CCInvocation.h">
      <Filter>GUI\CCControlExtension</Filter>
    </ClInclude>
    <ClInclude Include="..\lib\cocos2dx\extensions\GUI\CCControlExtension\CCScale9Sprite.h">
      <Filter>GUI\CCControlExtension</Filter>
    </ClInclude>
    <ClInclude Include="..\lib\cocos2dx\extensions\GUI\CCControlExtension\CCControl.h">
      <Filter>GUI\CCControlExtension</Filter>
    </ClInclude>
  </ItemGroup>
</Project>